
Microsoft Visual Studio Solution File, Format Version 12.00
# Visual Studio Version 16
VisualStudioVersion = 16.0.29326.143
MinimumVisualStudioVersion = 10.0.40219.1
Project("{FAE04EC0-301F-11D3-BF4B-00C04F79EFBC}") = "OpenLab 02.3", "OpenLab 02.3\OpenLab 02.3.csproj", "{7310B78B-3FAF-4424-9F8F-FD0910ECFB61}"
EndProject
Global
	GlobalSection(SolutionConfigurationPlatforms) = preSolution
		Debug|Any CPU = Debug|Any CPU
		Release|Any CPU = Release|Any CPU
	EndGlobalSection
	GlobalSection(ProjectConfigurationPlatforms) = postSolution
		{7310B78B-3FAF-4424-9F8F-FD0910ECFB61}.Debug|Any CPU.ActiveCfg = Debug|Any CPU
		{7310B78B-3FAF-4424-9F8F-FD0910ECFB61}.Debug|Any CPU.Build.0 = Debug|Any CPU
		{7310B78B-3FAF-4424-9F8F-FD0910ECFB61}.Release|Any CPU.ActiveCfg = Release|Any CPU
		{7310B78B-3FAF-4424-9F8F-FD0910ECFB61}.Release|Any CPU.Build.0 = Release|Any CPU
	EndGlobalSection
	GlobalSection(SolutionProperties) = preSolution
		HideSolutionNode = FALSE
	EndGlobalSection
	GlobalSection(ExtensibilityGlobals) = postSolution
		SolutionGuid = {95D398AE-68D8-44E6-AB4E-E692E13B40A8}
	EndGlobalSection
EndGlobal
